
Microsoft Visual Studio Solution File, Format Version 12.00
# Visual Studio 2012
Project("{FAE04EC0-301F-11D3-BF4B-00C04F79EFBC}") = "totalhr.web", "totalhr.web\totalhr.web.csproj", "{E171E95D-6C8C-443E-B121-5F40882D6863}"
EndProject
Project("{FAE04EC0-301F-11D3-BF4B-00C04F79EFBC}") = "totalhr.Resources", "totalhr.Resources\Resources\totalhr.Resources.csproj", "{9C706121-A522-4F91-970A-5D0D3929EAEE}"
EndProject
Project("{FAE04EC0-301F-11D3-BF4B-00C04F79EFBC}") = "totalhr.data", "totalhr.data\totalhr.data.csproj", "{F5A3D97A-A1B9-463A-850E-23CF6E1FC488}"
EndProject
Project("{FAE04EC0-301F-11D3-BF4B-00C04F79EFBC}") = "totalhr.services", "totalhr.services\totalhr.services.csproj", "{E80CD858-BBA6-4650-8475-9987337E3EA8}"
EndProject
Project("{FAE04EC0-301F-11D3-BF4B-00C04F79EFBC}") = "totalhr.Shared", "totalhr.Shared\totalhr.Shared.csproj", "{1AF1ABB5-66B8-4E3F-A5AA-12025159514F}"
EndProject
Project("{FAE04EC0-301F-11D3-BF4B-00C04F79EFBC}") = "totalhr.services.messaging", "totalhr.service.messaging\totalhr.services.messaging.csproj", "{8219DECC-2439-4BE9-A5B2-167A5B70CDF0}"
EndProject
Project("{2150E333-8FDC-42A3-9474-1A3956D46DE8}") = "Services", "Services", "{A2F81A3E-35D3-4B82-9BFC-295D1BCFC099}"
EndProject
Project("{2150E333-8FDC-42A3-9474-1A3956D46DE8}") = "totalhr.Tests", "totalhr.Tests", "{05416EEB-0590-4920-AD87-217CB195F6A4}"
EndProject
Project("{FAE04EC0-301F-11D3-BF4B-00C04F79EFBC}") = "totalhr.Integration.Test", "totalhr.services.Test\totalhr.Integration.Test.csproj", "{6E3B8E70-4722-40F8-9141-977E3D495F39}"
EndProject
Project("{FAE04EC0-301F-11D3-BF4B-00C04F79EFBC}") = "totalhr.dummydata", "totalhr.dummydata\totalhr.dummydata.csproj", "{9FC0A661-9B86-41D9-9945-F879E12A634A}"
EndProject
Project("{FAE04EC0-301F-11D3-BF4B-00C04F79EFBC}") = "totalhr.tests.libs", "totalhr.tests.libs\totalhr.tests.libs.csproj", "{FF5C3573-33F2-4CA3-BFC1-AB33561253B5}"
EndProject
Project("{FAE04EC0-301F-11D3-BF4B-00C04F79EFBC}") = "Authentication", "Authentication\Authentication.csproj", "{ED4D8EC1-24A9-4E53-9D27-9CFD86AAA6CF}"
EndProject
Project("{FAE04EC0-301F-11D3-BF4B-00C04F79EFBC}") = "Calendar", "CalendarService\Calendar.csproj", "{67516845-FB4C-4820-954D-3382A86BA6E1}"
EndProject
Project("{FAE04EC0-301F-11D3-BF4B-00C04F79EFBC}") = "totalhr.Unit.Test", "totalhr.Unit.Test\totalhr.Unit.Test.csproj", "{ECE682E0-DDF2-4D84-B8A0-654C0901B4FC}"
EndProject
Project("{2150E333-8FDC-42A3-9474-1A3956D46DE8}") = ".nuget", ".nuget", "{FB100BF2-D8FB-49CA-B5F2-6A1B453A55C2}"
	ProjectSection(SolutionItems) = preProject
		.nuget\NuGet.Config = .nuget\NuGet.Config
		.nuget\NuGet.exe = .nuget\NuGet.exe
		.nuget\NuGet.targets = .nuget\NuGet.targets
	EndProjectSection
EndProject
Project("{FAE04EC0-301F-11D3-BF4B-00C04F79EFBC}") = "totalhr.data.TimeRecordingSystem", "totalhr.data.TimeRecordingSystem\totalhr.data.TimeRecordingSystem.csproj", "{AAE8D583-9A4F-4E69-AB31-9A0CDCEB4BCB}"
EndProject
Project("{2150E333-8FDC-42A3-9474-1A3956D46DE8}") = "totalhr.DB", "totalhr.DB", "{07C71B74-8733-4D21-833C-7A77EC9188BF}"
EndProject
Project("{00D1A9C2-B5F0-4AF3-8072-F6C62B433612}") = "TotalHR", "TotalHR.DB\TotalHR.sqlproj", "{8641BB29-D482-4652-9920-1B7E0443C6D8}"
EndProject
Project("{FAE04EC0-301F-11D3-BF4B-00C04F79EFBC}") = "CompanyDocumentService", "CompanyDocumentService\CompanyDocumentService.csproj", "{44B7BFE7-5325-47EB-91B0-E08D0BBAA170}"
EndProject
Project("{FAE04EC0-301F-11D3-BF4B-00C04F79EFBC}") = "FileManagementService", "FileManagementService\FileManagementService.csproj", "{25E457D8-382F-4D73-9D1D-8F17D8927BD1}"
EndProject
Project("{FAE04EC0-301F-11D3-BF4B-00C04F79EFBC}") = "totalhr.core", "totalhr.core\totalhr.core.csproj", "{37A1AC80-4903-4855-9436-887DC8C3D5AD}"
EndProject
Project("{FAE04EC0-301F-11D3-BF4B-00C04F79EFBC}") = "FormService", "FormService\FormService.csproj", "{F75D380A-86C8-4876-9A32-650AA08FD2FF}"
EndProject
Project("{FAE04EC0-301F-11D3-BF4B-00C04F79EFBC}") = "ChatService", "ChatService\ChatService.csproj", "{E90C004E-C63B-44E1-89B0-12465F578974}"
EndProject
Project("{FAE04EC0-301F-11D3-BF4B-00C04F79EFBC}") = "Absences", "AbsencesService\Absences.csproj", "{59271B24-7EC8-41CE-8025-1DB94ED60346}"
EndProject
Global
	GlobalSection(SolutionConfigurationPlatforms) = preSolution
		AliceLaptop|Any CPU = AliceLaptop|Any CPU
		Debug|Any CPU = Debug|Any CPU
		HomeDesktop|Any CPU = HomeDesktop|Any CPU
		IMPC1003Office|Any CPU = IMPC1003Office|Any CPU
		JoesLaptop|Any CPU = JoesLaptop|Any CPU
		Release|Any CPU = Release|Any CPU
	EndGlobalSection
	GlobalSection(ProjectConfigurationPlatforms) = postSolution
		{E171E95D-6C8C-443E-B121-5F40882D6863}.AliceLaptop|Any CPU.ActiveCfg = AliceLaptop|Any CPU
		{E171E95D-6C8C-443E-B121-5F40882D6863}.AliceLaptop|Any CPU.Build.0 = AliceLaptop|Any CPU
		{E171E95D-6C8C-443E-B121-5F40882D6863}.Debug|Any CPU.ActiveCfg = Debug|Any CPU
		{E171E95D-6C8C-443E-B121-5F40882D6863}.Debug|Any CPU.Build.0 = Debug|Any CPU
		{E171E95D-6C8C-443E-B121-5F40882D6863}.HomeDesktop|Any CPU.ActiveCfg = HomeDesktop|Any CPU
		{E171E95D-6C8C-443E-B121-5F40882D6863}.HomeDesktop|Any CPU.Build.0 = HomeDesktop|Any CPU
		{E171E95D-6C8C-443E-B121-5F40882D6863}.IMPC1003Office|Any CPU.ActiveCfg = IMPC1003Office|Any CPU
		{E171E95D-6C8C-443E-B121-5F40882D6863}.IMPC1003Office|Any CPU.Build.0 = IMPC1003Office|Any CPU
		{E171E95D-6C8C-443E-B121-5F40882D6863}.JoesLaptop|Any CPU.ActiveCfg = JoesLaptop|Any CPU
		{E171E95D-6C8C-443E-B121-5F40882D6863}.JoesLaptop|Any CPU.Build.0 = JoesLaptop|Any CPU
		{E171E95D-6C8C-443E-B121-5F40882D6863}.Release|Any CPU.ActiveCfg = Release|Any CPU
		{E171E95D-6C8C-443E-B121-5F40882D6863}.Release|Any CPU.Build.0 = Release|Any CPU
		{9C706121-A522-4F91-970A-5D0D3929EAEE}.AliceLaptop|Any CPU.ActiveCfg = AliceLaptop|Any CPU
		{9C706121-A522-4F91-970A-5D0D3929EAEE}.AliceLaptop|Any CPU.Build.0 = AliceLaptop|Any CPU
		{9C706121-A522-4F91-970A-5D0D3929EAEE}.Debug|Any CPU.ActiveCfg = Debug|Any CPU
		{9C706121-A522-4F91-970A-5D0D3929EAEE}.Debug|Any CPU.Build.0 = Debug|Any CPU
		{9C706121-A522-4F91-970A-5D0D3929EAEE}.HomeDesktop|Any CPU.ActiveCfg = HomeDesktop|Any CPU
		{9C706121-A522-4F91-970A-5D0D3929EAEE}.HomeDesktop|Any CPU.Build.0 = HomeDesktop|Any CPU
		{9C706121-A522-4F91-970A-5D0D3929EAEE}.IMPC1003Office|Any CPU.ActiveCfg = IMPC1003Office|Any CPU
		{9C706121-A522-4F91-970A-5D0D3929EAEE}.IMPC1003Office|Any CPU.Build.0 = IMPC1003Office|Any CPU
		{9C706121-A522-4F91-970A-5D0D3929EAEE}.JoesLaptop|Any CPU.ActiveCfg = JoesLaptop|Any CPU
		{9C706121-A522-4F91-970A-5D0D3929EAEE}.JoesLaptop|Any CPU.Build.0 = JoesLaptop|Any CPU
		{9C706121-A522-4F91-970A-5D0D3929EAEE}.Release|Any CPU.ActiveCfg = Release|Any CPU
		{9C706121-A522-4F91-970A-5D0D3929EAEE}.Release|Any CPU.Build.0 = Release|Any CPU
		{F5A3D97A-A1B9-463A-850E-23CF6E1FC488}.AliceLaptop|Any CPU.ActiveCfg = AliceLaptop|Any CPU
		{F5A3D97A-A1B9-463A-850E-23CF6E1FC488}.AliceLaptop|Any CPU.Build.0 = AliceLaptop|Any CPU
		{F5A3D97A-A1B9-463A-850E-23CF6E1FC488}.Debug|Any CPU.ActiveCfg = Debug|Any CPU
		{F5A3D97A-A1B9-463A-850E-23CF6E1FC488}.Debug|Any CPU.Build.0 = Debug|Any CPU
		{F5A3D97A-A1B9-463A-850E-23CF6E1FC488}.HomeDesktop|Any CPU.ActiveCfg = HomeDesktop|Any CPU
		{F5A3D97A-A1B9-463A-850E-23CF6E1FC488}.HomeDesktop|Any CPU.Build.0 = HomeDesktop|Any CPU
		{F5A3D97A-A1B9-463A-850E-23CF6E1FC488}.IMPC1003Office|Any CPU.ActiveCfg = IMPC1003Office|Any CPU
		{F5A3D97A-A1B9-463A-850E-23CF6E1FC488}.IMPC1003Office|Any CPU.Build.0 = IMPC1003Office|Any CPU
		{F5A3D97A-A1B9-463A-850E-23CF6E1FC488}.JoesLaptop|Any CPU.ActiveCfg = JoesLaptop|Any CPU
		{F5A3D97A-A1B9-463A-850E-23CF6E1FC488}.JoesLaptop|Any CPU.Build.0 = JoesLaptop|Any CPU
		{F5A3D97A-A1B9-463A-850E-23CF6E1FC488}.Release|Any CPU.ActiveCfg = Release|Any CPU
		{F5A3D97A-A1B9-463A-850E-23CF6E1FC488}.Release|Any CPU.Build.0 = Release|Any CPU
		{E80CD858-BBA6-4650-8475-9987337E3EA8}.AliceLaptop|Any CPU.ActiveCfg = AliceLaptop|Any CPU
		{E80CD858-BBA6-4650-8475-9987337E3EA8}.AliceLaptop|Any CPU.Build.0 = AliceLaptop|Any CPU
		{E80CD858-BBA6-4650-8475-9987337E3EA8}.Debug|Any CPU.ActiveCfg = Debug|Any CPU
		{E80CD858-BBA6-4650-8475-9987337E3EA8}.Debug|Any CPU.Build.0 = Debug|Any CPU
		{E80CD858-BBA6-4650-8475-9987337E3EA8}.HomeDesktop|Any CPU.ActiveCfg = HomeDesktop|Any CPU
		{E80CD858-BBA6-4650-8475-9987337E3EA8}.HomeDesktop|Any CPU.Build.0 = HomeDesktop|Any CPU
		{E80CD858-BBA6-4650-8475-9987337E3EA8}.IMPC1003Office|Any CPU.ActiveCfg = IMPC1003Office|Any CPU
		{E80CD858-BBA6-4650-8475-9987337E3EA8}.IMPC1003Office|Any CPU.Build.0 = IMPC1003Office|Any CPU
		{E80CD858-BBA6-4650-8475-9987337E3EA8}.JoesLaptop|Any CPU.ActiveCfg = JoesLaptop|Any CPU
		{E80CD858-BBA6-4650-8475-9987337E3EA8}.JoesLaptop|Any CPU.Build.0 = JoesLaptop|Any CPU
		{E80CD858-BBA6-4650-8475-9987337E3EA8}.Release|Any CPU.ActiveCfg = Release|Any CPU
		{E80CD858-BBA6-4650-8475-9987337E3EA8}.Release|Any CPU.Build.0 = Release|Any CPU
		{1AF1ABB5-66B8-4E3F-A5AA-12025159514F}.AliceLaptop|Any CPU.ActiveCfg = AliceLaptop|Any CPU
		{1AF1ABB5-66B8-4E3F-A5AA-12025159514F}.AliceLaptop|Any CPU.Build.0 = AliceLaptop|Any CPU
		{1AF1ABB5-66B8-4E3F-A5AA-12025159514F}.Debug|Any CPU.ActiveCfg = Debug|Any CPU
		{1AF1ABB5-66B8-4E3F-A5AA-12025159514F}.Debug|Any CPU.Build.0 = Debug|Any CPU
		{1AF1ABB5-66B8-4E3F-A5AA-12025159514F}.HomeDesktop|Any CPU.ActiveCfg = HomeDesktop|Any CPU
		{1AF1ABB5-66B8-4E3F-A5AA-12025159514F}.HomeDesktop|Any CPU.Build.0 = HomeDesktop|Any CPU
		{1AF1ABB5-66B8-4E3F-A5AA-12025159514F}.IMPC1003Office|Any CPU.ActiveCfg = IMPC1003Office|Any CPU
		{1AF1ABB5-66B8-4E3F-A5AA-12025159514F}.IMPC1003Office|Any CPU.Build.0 = IMPC1003Office|Any CPU
		{1AF1ABB5-66B8-4E3F-A5AA-12025159514F}.JoesLaptop|Any CPU.ActiveCfg = JoesLaptop|Any CPU
		{1AF1ABB5-66B8-4E3F-A5AA-12025159514F}.JoesLaptop|Any CPU.Build.0 = JoesLaptop|Any CPU
		{1AF1ABB5-66B8-4E3F-A5AA-12025159514F}.Release|Any CPU.ActiveCfg = Release|Any CPU
		{1AF1ABB5-66B8-4E3F-A5AA-12025159514F}.Release|Any CPU.Build.0 = Release|Any CPU
		{8219DECC-2439-4BE9-A5B2-167A5B70CDF0}.AliceLaptop|Any CPU.ActiveCfg = AliceLaptop|Any CPU
		{8219DECC-2439-4BE9-A5B2-167A5B70CDF0}.AliceLaptop|Any CPU.Build.0 = AliceLaptop|Any CPU
		{8219DECC-2439-4BE9-A5B2-167A5B70CDF0}.Debug|Any CPU.ActiveCfg = Debug|Any CPU
		{8219DECC-2439-4BE9-A5B2-167A5B70CDF0}.Debug|Any CPU.Build.0 = Debug|Any CPU
		{8219DECC-2439-4BE9-A5B2-167A5B70CDF0}.HomeDesktop|Any CPU.ActiveCfg = HomeDesktop|Any CPU
		{8219DECC-2439-4BE9-A5B2-167A5B70CDF0}.HomeDesktop|Any CPU.Build.0 = HomeDesktop|Any CPU
		{8219DECC-2439-4BE9-A5B2-167A5B70CDF0}.IMPC1003Office|Any CPU.ActiveCfg = IMPC1003Office|Any CPU
		{8219DECC-2439-4BE9-A5B2-167A5B70CDF0}.IMPC1003Office|Any CPU.Build.0 = IMPC1003Office|Any CPU
		{8219DECC-2439-4BE9-A5B2-167A5B70CDF0}.JoesLaptop|Any CPU.ActiveCfg = JoesLaptop|Any CPU
		{8219DECC-2439-4BE9-A5B2-167A5B70CDF0}.JoesLaptop|Any CPU.Build.0 = JoesLaptop|Any CPU
		{8219DECC-2439-4BE9-A5B2-167A5B70CDF0}.Release|Any CPU.ActiveCfg = Release|Any CPU
		{8219DECC-2439-4BE9-A5B2-167A5B70CDF0}.Release|Any CPU.Build.0 = Release|Any CPU
		{6E3B8E70-4722-40F8-9141-977E3D495F39}.AliceLaptop|Any CPU.ActiveCfg = AliceLaptop|Any CPU
		{6E3B8E70-4722-40F8-9141-977E3D495F39}.AliceLaptop|Any CPU.Build.0 = AliceLaptop|Any CPU
		{6E3B8E70-4722-40F8-9141-977E3D495F39}.Debug|Any CPU.ActiveCfg = Debug|Any CPU
		{6E3B8E70-4722-40F8-9141-977E3D495F39}.Debug|Any CPU.Build.0 = Debug|Any CPU
		{6E3B8E70-4722-40F8-9141-977E3D495F39}.HomeDesktop|Any CPU.ActiveCfg = HomeDesktop|Any CPU
		{6E3B8E70-4722-40F8-9141-977E3D495F39}.HomeDesktop|Any CPU.Build.0 = HomeDesktop|Any CPU
		{6E3B8E70-4722-40F8-9141-977E3D495F39}.IMPC1003Office|Any CPU.ActiveCfg = IMPC1003Office|Any CPU
		{6E3B8E70-4722-40F8-9141-977E3D495F39}.IMPC1003Office|Any CPU.Build.0 = IMPC1003Office|Any CPU
		{6E3B8E70-4722-40F8-9141-977E3D495F39}.JoesLaptop|Any CPU.ActiveCfg = JoesLaptop|Any CPU
		{6E3B8E70-4722-40F8-9141-977E3D495F39}.JoesLaptop|Any CPU.Build.0 = JoesLaptop|Any CPU
		{6E3B8E70-4722-40F8-9141-977E3D495F39}.Release|Any CPU.ActiveCfg = Release|Any CPU
		{6E3B8E70-4722-40F8-9141-977E3D495F39}.Release|Any CPU.Build.0 = Release|Any CPU
		{9FC0A661-9B86-41D9-9945-F879E12A634A}.AliceLaptop|Any CPU.ActiveCfg = AliceLaptop|Any CPU
		{9FC0A661-9B86-41D9-9945-F879E12A634A}.AliceLaptop|Any CPU.Build.0 = AliceLaptop|Any CPU
		{9FC0A661-9B86-41D9-9945-F879E12A634A}.Debug|Any CPU.ActiveCfg = Debug|Any CPU
		{9FC0A661-9B86-41D9-9945-F879E12A634A}.Debug|Any CPU.Build.0 = Debug|Any CPU
		{9FC0A661-9B86-41D9-9945-F879E12A634A}.HomeDesktop|Any CPU.ActiveCfg = HomeDesktop|Any CPU
		{9FC0A661-9B86-41D9-9945-F879E12A634A}.HomeDesktop|Any CPU.Build.0 = HomeDesktop|Any CPU
		{9FC0A661-9B86-41D9-9945-F879E12A634A}.IMPC1003Office|Any CPU.ActiveCfg = IMPC1003Office|Any CPU
		{9FC0A661-9B86-41D9-9945-F879E12A634A}.IMPC1003Office|Any CPU.Build.0 = IMPC1003Office|Any CPU
		{9FC0A661-9B86-41D9-9945-F879E12A634A}.JoesLaptop|Any CPU.ActiveCfg = JoesLaptop|Any CPU
		{9FC0A661-9B86-41D9-9945-F879E12A634A}.JoesLaptop|Any CPU.Build.0 = JoesLaptop|Any CPU
		{9FC0A661-9B86-41D9-9945-F879E12A634A}.Release|Any CPU.ActiveCfg = Release|Any CPU
		{9FC0A661-9B86-41D9-9945-F879E12A634A}.Release|Any CPU.Build.0 = Release|Any CPU
		{FF5C3573-33F2-4CA3-BFC1-AB33561253B5}.AliceLaptop|Any CPU.ActiveCfg = AliceLaptop|Any CPU
		{FF5C3573-33F2-4CA3-BFC1-AB33561253B5}.AliceLaptop|Any CPU.Build.0 = AliceLaptop|Any CPU
		{FF5C3573-33F2-4CA3-BFC1-AB33561253B5}.Debug|Any CPU.ActiveCfg = Debug|Any CPU
		{FF5C3573-33F2-4CA3-BFC1-AB33561253B5}.Debug|Any CPU.Build.0 = Debug|Any CPU
		{FF5C3573-33F2-4CA3-BFC1-AB33561253B5}.HomeDesktop|Any CPU.ActiveCfg = HomeDesktop|Any CPU
		{FF5C3573-33F2-4CA3-BFC1-AB33561253B5}.HomeDesktop|Any CPU.Build.0 = HomeDesktop|Any CPU
		{FF5C3573-33F2-4CA3-BFC1-AB33561253B5}.IMPC1003Office|Any CPU.ActiveCfg = IMPC1003Office|Any CPU
		{FF5C3573-33F2-4CA3-BFC1-AB33561253B5}.IMPC1003Office|Any CPU.Build.0 = IMPC1003Office|Any CPU
		{FF5C3573-33F2-4CA3-BFC1-AB33561253B5}.JoesLaptop|Any CPU.ActiveCfg = JoesLaptop|Any CPU
		{FF5C3573-33F2-4CA3-BFC1-AB33561253B5}.JoesLaptop|Any CPU.Build.0 = JoesLaptop|Any CPU
		{FF5C3573-33F2-4CA3-BFC1-AB33561253B5}.Release|Any CPU.ActiveCfg = Release|Any CPU
		{FF5C3573-33F2-4CA3-BFC1-AB33561253B5}.Release|Any CPU.Build.0 = Release|Any CPU
		{ED4D8EC1-24A9-4E53-9D27-9CFD86AAA6CF}.AliceLaptop|Any CPU.ActiveCfg = AliceLaptop|Any CPU
		{ED4D8EC1-24A9-4E53-9D27-9CFD86AAA6CF}.AliceLaptop|Any CPU.Build.0 = AliceLaptop|Any CPU
		{ED4D8EC1-24A9-4E53-9D27-9CFD86AAA6CF}.Debug|Any CPU.ActiveCfg = Debug|Any CPU
		{ED4D8EC1-24A9-4E53-9D27-9CFD86AAA6CF}.Debug|Any CPU.Build.0 = Debug|Any CPU
		{ED4D8EC1-24A9-4E53-9D27-9CFD86AAA6CF}.HomeDesktop|Any CPU.ActiveCfg = HomeDesktop|Any CPU
		{ED4D8EC1-24A9-4E53-9D27-9CFD86AAA6CF}.HomeDesktop|Any CPU.Build.0 = HomeDesktop|Any CPU
		{ED4D8EC1-24A9-4E53-9D27-9CFD86AAA6CF}.IMPC1003Office|Any CPU.ActiveCfg = IMPC1003Office|Any CPU
		{ED4D8EC1-24A9-4E53-9D27-9CFD86AAA6CF}.IMPC1003Office|Any CPU.Build.0 = IMPC1003Office|Any CPU
		{ED4D8EC1-24A9-4E53-9D27-9CFD86AAA6CF}.JoesLaptop|Any CPU.ActiveCfg = JoesLaptop|Any CPU
		{ED4D8EC1-24A9-4E53-9D27-9CFD86AAA6CF}.JoesLaptop|Any CPU.Build.0 = JoesLaptop|Any CPU
		{ED4D8EC1-24A9-4E53-9D27-9CFD86AAA6CF}.Release|Any CPU.ActiveCfg = Release|Any CPU
		{ED4D8EC1-24A9-4E53-9D27-9CFD86AAA6CF}.Release|Any CPU.Build.0 = Release|Any CPU
		{67516845-FB4C-4820-954D-3382A86BA6E1}.AliceLaptop|Any CPU.ActiveCfg = AliceLaptop|Any CPU
		{67516845-FB4C-4820-954D-3382A86BA6E1}.AliceLaptop|Any CPU.Build.0 = AliceLaptop|Any CPU
		{67516845-FB4C-4820-954D-3382A86BA6E1}.Debug|Any CPU.ActiveCfg = Debug|Any CPU
		{67516845-FB4C-4820-954D-3382A86BA6E1}.Debug|Any CPU.Build.0 = Debug|Any CPU
		{67516845-FB4C-4820-954D-3382A86BA6E1}.HomeDesktop|Any CPU.ActiveCfg = HomeDesktop|Any CPU
		{67516845-FB4C-4820-954D-3382A86BA6E1}.HomeDesktop|Any CPU.Build.0 = HomeDesktop|Any CPU
		{67516845-FB4C-4820-954D-3382A86BA6E1}.IMPC1003Office|Any CPU.ActiveCfg = IMPC1003Office|Any CPU
		{67516845-FB4C-4820-954D-3382A86BA6E1}.IMPC1003Office|Any CPU.Build.0 = IMPC1003Office|Any CPU
		{67516845-FB4C-4820-954D-3382A86BA6E1}.JoesLaptop|Any CPU.ActiveCfg = JoesLaptop|Any CPU
		{67516845-FB4C-4820-954D-3382A86BA6E1}.JoesLaptop|Any CPU.Build.0 = JoesLaptop|Any CPU
		{67516845-FB4C-4820-954D-3382A86BA6E1}.Release|Any CPU.ActiveCfg = Release|Any CPU
		{67516845-FB4C-4820-954D-3382A86BA6E1}.Release|Any CPU.Build.0 = Release|Any CPU
		{ECE682E0-DDF2-4D84-B8A0-654C0901B4FC}.AliceLaptop|Any CPU.ActiveCfg = Release|Any CPU
		{ECE682E0-DDF2-4D84-B8A0-654C0901B4FC}.AliceLaptop|Any CPU.Build.0 = Release|Any CPU
		{ECE682E0-DDF2-4D84-B8A0-654C0901B4FC}.Debug|Any CPU.ActiveCfg = Debug|Any CPU
		{ECE682E0-DDF2-4D84-B8A0-654C0901B4FC}.Debug|Any CPU.Build.0 = Debug|Any CPU
		{ECE682E0-DDF2-4D84-B8A0-654C0901B4FC}.HomeDesktop|Any CPU.ActiveCfg = Release|Any CPU
		{ECE682E0-DDF2-4D84-B8A0-654C0901B4FC}.HomeDesktop|Any CPU.Build.0 = Release|Any CPU
		{ECE682E0-DDF2-4D84-B8A0-654C0901B4FC}.IMPC1003Office|Any CPU.ActiveCfg = Release|Any CPU
		{ECE682E0-DDF2-4D84-B8A0-654C0901B4FC}.IMPC1003Office|Any CPU.Build.0 = Release|Any CPU
		{ECE682E0-DDF2-4D84-B8A0-654C0901B4FC}.JoesLaptop|Any CPU.ActiveCfg = Release|Any CPU
		{ECE682E0-DDF2-4D84-B8A0-654C0901B4FC}.JoesLaptop|Any CPU.Build.0 = Release|Any CPU
		{ECE682E0-DDF2-4D84-B8A0-654C0901B4FC}.Release|Any CPU.ActiveCfg = Release|Any CPU
		{ECE682E0-DDF2-4D84-B8A0-654C0901B4FC}.Release|Any CPU.Build.0 = Release|Any CPU
		{AAE8D583-9A4F-4E69-AB31-9A0CDCEB4BCB}.AliceLaptop|Any CPU.ActiveCfg = Release|Any CPU
		{AAE8D583-9A4F-4E69-AB31-9A0CDCEB4BCB}.AliceLaptop|Any CPU.Build.0 = Release|Any CPU
		{AAE8D583-9A4F-4E69-AB31-9A0CDCEB4BCB}.Debug|Any CPU.ActiveCfg = Debug|Any CPU
		{AAE8D583-9A4F-4E69-AB31-9A0CDCEB4BCB}.Debug|Any CPU.Build.0 = Debug|Any CPU
		{AAE8D583-9A4F-4E69-AB31-9A0CDCEB4BCB}.HomeDesktop|Any CPU.ActiveCfg = Release|Any CPU
		{AAE8D583-9A4F-4E69-AB31-9A0CDCEB4BCB}.HomeDesktop|Any CPU.Build.0 = Release|Any CPU
		{AAE8D583-9A4F-4E69-AB31-9A0CDCEB4BCB}.IMPC1003Office|Any CPU.ActiveCfg = Release|Any CPU
		{AAE8D583-9A4F-4E69-AB31-9A0CDCEB4BCB}.IMPC1003Office|Any CPU.Build.0 = Release|Any CPU
		{AAE8D583-9A4F-4E69-AB31-9A0CDCEB4BCB}.JoesLaptop|Any CPU.ActiveCfg = Release|Any CPU
		{AAE8D583-9A4F-4E69-AB31-9A0CDCEB4BCB}.JoesLaptop|Any CPU.Build.0 = Release|Any CPU
		{AAE8D583-9A4F-4E69-AB31-9A0CDCEB4BCB}.Release|Any CPU.ActiveCfg = Release|Any CPU
		{AAE8D583-9A4F-4E69-AB31-9A0CDCEB4BCB}.Release|Any CPU.Build.0 = Release|Any CPU
		{8641BB29-D482-4652-9920-1B7E0443C6D8}.AliceLaptop|Any CPU.ActiveCfg = Debug|Any CPU
		{8641BB29-D482-4652-9920-1B7E0443C6D8}.AliceLaptop|Any CPU.Build.0 = Debug|Any CPU
		{8641BB29-D482-4652-9920-1B7E0443C6D8}.AliceLaptop|Any CPU.Deploy.0 = Debug|Any CPU
		{8641BB29-D482-4652-9920-1B7E0443C6D8}.Debug|Any CPU.ActiveCfg = Debug|Any CPU
		{8641BB29-D482-4652-9920-1B7E0443C6D8}.Debug|Any CPU.Build.0 = Debug|Any CPU
		{8641BB29-D482-4652-9920-1B7E0443C6D8}.Debug|Any CPU.Deploy.0 = Debug|Any CPU
		{8641BB29-D482-4652-9920-1B7E0443C6D8}.HomeDesktop|Any CPU.ActiveCfg = Debug|Any CPU
		{8641BB29-D482-4652-9920-1B7E0443C6D8}.HomeDesktop|Any CPU.Build.0 = Debug|Any CPU
		{8641BB29-D482-4652-9920-1B7E0443C6D8}.HomeDesktop|Any CPU.Deploy.0 = Debug|Any CPU
		{8641BB29-D482-4652-9920-1B7E0443C6D8}.IMPC1003Office|Any CPU.ActiveCfg = Debug|Any CPU
		{8641BB29-D482-4652-9920-1B7E0443C6D8}.IMPC1003Office|Any CPU.Build.0 = Debug|Any CPU
		{8641BB29-D482-4652-9920-1B7E0443C6D8}.IMPC1003Office|Any CPU.Deploy.0 = Debug|Any CPU
		{8641BB29-D482-4652-9920-1B7E0443C6D8}.JoesLaptop|Any CPU.ActiveCfg = Debug|Any CPU
		{8641BB29-D482-4652-9920-1B7E0443C6D8}.JoesLaptop|Any CPU.Build.0 = Debug|Any CPU
		{8641BB29-D482-4652-9920-1B7E0443C6D8}.JoesLaptop|Any CPU.Deploy.0 = Debug|Any CPU
		{8641BB29-D482-4652-9920-1B7E0443C6D8}.Release|Any CPU.ActiveCfg = Release|Any CPU
		{8641BB29-D482-4652-9920-1B7E0443C6D8}.Release|Any CPU.Build.0 = Release|Any CPU
		{8641BB29-D482-4652-9920-1B7E0443C6D8}.Release|Any CPU.Deploy.0 = Release|Any CPU
		{44B7BFE7-5325-47EB-91B0-E08D0BBAA170}.AliceLaptop|Any CPU.ActiveCfg = Release|Any CPU
		{44B7BFE7-5325-47EB-91B0-E08D0BBAA170}.AliceLaptop|Any CPU.Build.0 = Release|Any CPU
		{44B7BFE7-5325-47EB-91B0-E08D0BBAA170}.Debug|Any CPU.ActiveCfg = Debug|Any CPU
		{44B7BFE7-5325-47EB-91B0-E08D0BBAA170}.Debug|Any CPU.Build.0 = Debug|Any CPU
		{44B7BFE7-5325-47EB-91B0-E08D0BBAA170}.HomeDesktop|Any CPU.ActiveCfg = Release|Any CPU
		{44B7BFE7-5325-47EB-91B0-E08D0BBAA170}.HomeDesktop|Any CPU.Build.0 = Release|Any CPU
		{44B7BFE7-5325-47EB-91B0-E08D0BBAA170}.IMPC1003Office|Any CPU.ActiveCfg = Release|Any CPU
		{44B7BFE7-5325-47EB-91B0-E08D0BBAA170}.IMPC1003Office|Any CPU.Build.0 = Release|Any CPU
		{44B7BFE7-5325-47EB-91B0-E08D0BBAA170}.JoesLaptop|Any CPU.ActiveCfg = Release|Any CPU
		{44B7BFE7-5325-47EB-91B0-E08D0BBAA170}.JoesLaptop|Any CPU.Build.0 = Release|Any CPU
		{44B7BFE7-5325-47EB-91B0-E08D0BBAA170}.Release|Any CPU.ActiveCfg = Release|Any CPU
		{44B7BFE7-5325-47EB-91B0-E08D0BBAA170}.Release|Any CPU.Build.0 = Release|Any CPU
		{25E457D8-382F-4D73-9D1D-8F17D8927BD1}.AliceLaptop|Any CPU.ActiveCfg = Release|Any CPU
		{25E457D8-382F-4D73-9D1D-8F17D8927BD1}.AliceLaptop|Any CPU.Build.0 = Release|Any CPU
		{25E457D8-382F-4D73-9D1D-8F17D8927BD1}.Debug|Any CPU.ActiveCfg = Debug|Any CPU
		{25E457D8-382F-4D73-9D1D-8F17D8927BD1}.Debug|Any CPU.Build.0 = Debug|Any CPU
		{25E457D8-382F-4D73-9D1D-8F17D8927BD1}.HomeDesktop|Any CPU.ActiveCfg = Release|Any CPU
		{25E457D8-382F-4D73-9D1D-8F17D8927BD1}.HomeDesktop|Any CPU.Build.0 = Release|Any CPU
		{25E457D8-382F-4D73-9D1D-8F17D8927BD1}.IMPC1003Office|Any CPU.ActiveCfg = Release|Any CPU
		{25E457D8-382F-4D73-9D1D-8F17D8927BD1}.IMPC1003Office|Any CPU.Build.0 = Release|Any CPU
		{25E457D8-382F-4D73-9D1D-8F17D8927BD1}.JoesLaptop|Any CPU.ActiveCfg = Release|Any CPU
		{25E457D8-382F-4D73-9D1D-8F17D8927BD1}.JoesLaptop|Any CPU.Build.0 = Release|Any CPU
		{25E457D8-382F-4D73-9D1D-8F17D8927BD1}.Release|Any CPU.ActiveCfg = Release|Any CPU
		{25E457D8-382F-4D73-9D1D-8F17D8927BD1}.Release|Any CPU.Build.0 = Release|Any CPU
		{37A1AC80-4903-4855-9436-887DC8C3D5AD}.AliceLaptop|Any CPU.ActiveCfg = Release|Any CPU
		{37A1AC80-4903-4855-9436-887DC8C3D5AD}.AliceLaptop|Any CPU.Build.0 = Release|Any CPU
		{37A1AC80-4903-4855-9436-887DC8C3D5AD}.Debug|Any CPU.ActiveCfg = Debug|Any CPU
		{37A1AC80-4903-4855-9436-887DC8C3D5AD}.Debug|Any CPU.Build.0 = Debug|Any CPU
		{37A1AC80-4903-4855-9436-887DC8C3D5AD}.HomeDesktop|Any CPU.ActiveCfg = Release|Any CPU
		{37A1AC80-4903-4855-9436-887DC8C3D5AD}.HomeDesktop|Any CPU.Build.0 = Release|Any CPU
		{37A1AC80-4903-4855-9436-887DC8C3D5AD}.IMPC1003Office|Any CPU.ActiveCfg = Release|Any CPU
		{37A1AC80-4903-4855-9436-887DC8C3D5AD}.IMPC1003Office|Any CPU.Build.0 = Release|Any CPU
		{37A1AC80-4903-4855-9436-887DC8C3D5AD}.JoesLaptop|Any CPU.ActiveCfg = Release|Any CPU
		{37A1AC80-4903-4855-9436-887DC8C3D5AD}.JoesLaptop|Any CPU.Build.0 = Release|Any CPU
		{37A1AC80-4903-4855-9436-887DC8C3D5AD}.Release|Any CPU.ActiveCfg = Release|Any CPU
		{37A1AC80-4903-4855-9436-887DC8C3D5AD}.Release|Any CPU.Build.0 = Release|Any CPU
		{F75D380A-86C8-4876-9A32-650AA08FD2FF}.AliceLaptop|Any CPU.ActiveCfg = Release|Any CPU
		{F75D380A-86C8-4876-9A32-650AA08FD2FF}.AliceLaptop|Any CPU.Build.0 = Release|Any CPU
		{F75D380A-86C8-4876-9A32-650AA08FD2FF}.Debug|Any CPU.ActiveCfg = Debug|Any CPU
		{F75D380A-86C8-4876-9A32-650AA08FD2FF}.Debug|Any CPU.Build.0 = Debug|Any CPU
		{F75D380A-86C8-4876-9A32-650AA08FD2FF}.HomeDesktop|Any CPU.ActiveCfg = Release|Any CPU
		{F75D380A-86C8-4876-9A32-650AA08FD2FF}.HomeDesktop|Any CPU.Build.0 = Release|Any CPU
		{F75D380A-86C8-4876-9A32-650AA08FD2FF}.IMPC1003Office|Any CPU.ActiveCfg = Release|Any CPU
		{F75D380A-86C8-4876-9A32-650AA08FD2FF}.IMPC1003Office|Any CPU.Build.0 = Release|Any CPU
		{F75D380A-86C8-4876-9A32-650AA08FD2FF}.JoesLaptop|Any CPU.ActiveCfg = Release|Any CPU
		{F75D380A-86C8-4876-9A32-650AA08FD2FF}.JoesLaptop|Any CPU.Build.0 = Release|Any CPU
		{F75D380A-86C8-4876-9A32-650AA08FD2FF}.Release|Any CPU.ActiveCfg = Release|Any CPU
		{F75D380A-86C8-4876-9A32-650AA08FD2FF}.Release|Any CPU.Build.0 = Release|Any CPU
		{E90C004E-C63B-44E1-89B0-12465F578974}.AliceLaptop|Any CPU.ActiveCfg = Release|Any CPU
		{E90C004E-C63B-44E1-89B0-12465F578974}.AliceLaptop|Any CPU.Build.0 = Release|Any CPU
		{E90C004E-C63B-44E1-89B0-12465F578974}.Debug|Any CPU.ActiveCfg = Debug|Any CPU
		{E90C004E-C63B-44E1-89B0-12465F578974}.Debug|Any CPU.Build.0 = Debug|Any CPU
		{E90C004E-C63B-44E1-89B0-12465F578974}.HomeDesktop|Any CPU.ActiveCfg = Release|Any CPU
		{E90C004E-C63B-44E1-89B0-12465F578974}.HomeDesktop|Any CPU.Build.0 = Release|Any CPU
		{E90C004E-C63B-44E1-89B0-12465F578974}.IMPC1003Office|Any CPU.ActiveCfg = Release|Any CPU
		{E90C004E-C63B-44E1-89B0-12465F578974}.IMPC1003Office|Any CPU.Build.0 = Release|Any CPU
		{E90C004E-C63B-44E1-89B0-12465F578974}.JoesLaptop|Any CPU.ActiveCfg = Release|Any CPU
		{E90C004E-C63B-44E1-89B0-12465F578974}.JoesLaptop|Any CPU.Build.0 = Release|Any CPU
		{E90C004E-C63B-44E1-89B0-12465F578974}.Release|Any CPU.ActiveCfg = Release|Any CPU
		{E90C004E-C63B-44E1-89B0-12465F578974}.Release|Any CPU.Build.0 = Release|Any CPU
		{59271B24-7EC8-41CE-8025-1DB94ED60346}.AliceLaptop|Any CPU.ActiveCfg = Release|Any CPU
		{59271B24-7EC8-41CE-8025-1DB94ED60346}.AliceLaptop|Any CPU.Build.0 = Release|Any CPU
		{59271B24-7EC8-41CE-8025-1DB94ED60346}.Debug|Any CPU.ActiveCfg = Debug|Any CPU
		{59271B24-7EC8-41CE-8025-1DB94ED60346}.Debug|Any CPU.Build.0 = Debug|Any CPU
		{59271B24-7EC8-41CE-8025-1DB94ED60346}.HomeDesktop|Any CPU.ActiveCfg = Release|Any CPU
		{59271B24-7EC8-41CE-8025-1DB94ED60346}.HomeDesktop|Any CPU.Build.0 = Release|Any CPU
		{59271B24-7EC8-41CE-8025-1DB94ED60346}.IMPC1003Office|Any CPU.ActiveCfg = Release|Any CPU
		{59271B24-7EC8-41CE-8025-1DB94ED60346}.IMPC1003Office|Any CPU.Build.0 = Release|Any CPU
		{59271B24-7EC8-41CE-8025-1DB94ED60346}.JoesLaptop|Any CPU.ActiveCfg = Release|Any CPU
		{59271B24-7EC8-41CE-8025-1DB94ED60346}.JoesLaptop|Any CPU.Build.0 = Release|Any CPU
		{59271B24-7EC8-41CE-8025-1DB94ED60346}.Release|Any CPU.ActiveCfg = Release|Any CPU
		{59271B24-7EC8-41CE-8025-1DB94ED60346}.Release|Any CPU.Build.0 = Release|Any CPU
	EndGlobalSection
	GlobalSection(SolutionProperties) = preSolution
		HideSolutionNode = FALSE
	EndGlobalSection
	GlobalSection(NestedProjects) = preSolution
		{8219DECC-2439-4BE9-A5B2-167A5B70CDF0} = {A2F81A3E-35D3-4B82-9BFC-295D1BCFC099}
		{E80CD858-BBA6-4650-8475-9987337E3EA8} = {A2F81A3E-35D3-4B82-9BFC-295D1BCFC099}
		{ED4D8EC1-24A9-4E53-9D27-9CFD86AAA6CF} = {A2F81A3E-35D3-4B82-9BFC-295D1BCFC099}
		{67516845-FB4C-4820-954D-3382A86BA6E1} = {A2F81A3E-35D3-4B82-9BFC-295D1BCFC099}
		{44B7BFE7-5325-47EB-91B0-E08D0BBAA170} = {A2F81A3E-35D3-4B82-9BFC-295D1BCFC099}
		{25E457D8-382F-4D73-9D1D-8F17D8927BD1} = {A2F81A3E-35D3-4B82-9BFC-295D1BCFC099}
		{F75D380A-86C8-4876-9A32-650AA08FD2FF} = {A2F81A3E-35D3-4B82-9BFC-295D1BCFC099}
		{E90C004E-C63B-44E1-89B0-12465F578974} = {A2F81A3E-35D3-4B82-9BFC-295D1BCFC099}
		{59271B24-7EC8-41CE-8025-1DB94ED60346} = {A2F81A3E-35D3-4B82-9BFC-295D1BCFC099}
		{6E3B8E70-4722-40F8-9141-977E3D495F39} = {05416EEB-0590-4920-AD87-217CB195F6A4}
		{9FC0A661-9B86-41D9-9945-F879E12A634A} = {05416EEB-0590-4920-AD87-217CB195F6A4}
		{FF5C3573-33F2-4CA3-BFC1-AB33561253B5} = {05416EEB-0590-4920-AD87-217CB195F6A4}
		{ECE682E0-DDF2-4D84-B8A0-654C0901B4FC} = {05416EEB-0590-4920-AD87-217CB195F6A4}
		{8641BB29-D482-4652-9920-1B7E0443C6D8} = {07C71B74-8733-4D21-833C-7A77EC9188BF}
	EndGlobalSection
EndGlobal
