
Microsoft Visual Studio Solution File, Format Version 12.00
# Visual Studio 2012
Project("{FAE04EC0-301F-11D3-BF4B-00C04F79EFBC}") = "totalhr.web", "totalhr.web\totalhr.web.csproj", "{E171E95D-6C8C-443E-B121-5F40882D6863}"
EndProject
Project("{FAE04EC0-301F-11D3-BF4B-00C04F79EFBC}") = "totalhr.Resources", "..\totalhr.Resources\Resources\totalhr.Resources.csproj", "{9C706121-A522-4F91-970A-5D0D3929EAEE}"
EndProject
Project("{FAE04EC0-301F-11D3-BF4B-00C04F79EFBC}") = "totalhr.data", "..\totalhr.data\totalhr.data.csproj", "{F5A3D97A-A1B9-463A-850E-23CF6E1FC488}"
EndProject
Project("{FAE04EC0-301F-11D3-BF4B-00C04F79EFBC}") = "totalhr.services", "..\totalhr.services\totalhr.services.csproj", "{E80CD858-BBA6-4650-8475-9987337E3EA8}"
EndProject
Global
	GlobalSection(SolutionConfigurationPlatforms) = preSolution
		Debug|Any CPU = Debug|Any CPU
		Release|Any CPU = Release|Any CPU
	EndGlobalSection
	GlobalSection(ProjectConfigurationPlatforms) = postSolution
		{E171E95D-6C8C-443E-B121-5F40882D6863}.Debug|Any CPU.ActiveCfg = Debug|Any CPU
		{E171E95D-6C8C-443E-B121-5F40882D6863}.Debug|Any CPU.Build.0 = Debug|Any CPU
		{E171E95D-6C8C-443E-B121-5F40882D6863}.Release|Any CPU.ActiveCfg = Release|Any CPU
		{E171E95D-6C8C-443E-B121-5F40882D6863}.Release|Any CPU.Build.0 = Release|Any CPU
		{9C706121-A522-4F91-970A-5D0D3929EAEE}.Debug|Any CPU.ActiveCfg = Debug|Any CPU
		{9C706121-A522-4F91-970A-5D0D3929EAEE}.Debug|Any CPU.Build.0 = Debug|Any CPU
		{9C706121-A522-4F91-970A-5D0D3929EAEE}.Release|Any CPU.ActiveCfg = Release|Any CPU
		{9C706121-A522-4F91-970A-5D0D3929EAEE}.Release|Any CPU.Build.0 = Release|Any CPU
		{F5A3D97A-A1B9-463A-850E-23CF6E1FC488}.Debug|Any CPU.ActiveCfg = Debug|Any CPU
		{F5A3D97A-A1B9-463A-850E-23CF6E1FC488}.Debug|Any CPU.Build.0 = Debug|Any CPU
		{F5A3D97A-A1B9-463A-850E-23CF6E1FC488}.Release|Any CPU.ActiveCfg = Release|Any CPU
		{F5A3D97A-A1B9-463A-850E-23CF6E1FC488}.Release|Any CPU.Build.0 = Release|Any CPU
		{E80CD858-BBA6-4650-8475-9987337E3EA8}.Debug|Any CPU.ActiveCfg = Debug|Any CPU
		{E80CD858-BBA6-4650-8475-9987337E3EA8}.Debug|Any CPU.Build.0 = Debug|Any CPU
		{E80CD858-BBA6-4650-8475-9987337E3EA8}.Release|Any CPU.ActiveCfg = Release|Any CPU
		{E80CD858-BBA6-4650-8475-9987337E3EA8}.Release|Any CPU.Build.0 = Release|Any CPU
	EndGlobalSection
	GlobalSection(SolutionProperties) = preSolution
		HideSolutionNode = FALSE
	EndGlobalSection
EndGlobal
